
Microsoft Visual Studio Solution File, Format Version 12.00
# Visual Studio 14
VisualStudioVersion = 14.0.23107.0
MinimumVisualStudioVersion = 10.0.40219.1
Project("{FAE04EC0-301F-11D3-BF4B-00C04F79EFBC}") = "ConsoleApplication1", "ConsoleApplication1\ConsoleApplication1.csproj", "{E0AB46C2-32D9-457F-BF7F-584705358BFF}"
EndProject
Global
	GlobalSection(SolutionConfigurationPlatforms) = preSolution
		Debug|Any CPU = Debug|Any CPU
		Release|Any CPU = Release|Any CPU
	EndGlobalSection
	GlobalSection(ProjectConfigurationPlatforms) = postSolution
		{E0AB46C2-32D9-457F-BF7F-584705358BFF}.Debug|Any CPU.ActiveCfg = Debug|Any CPU
		{E0AB46C2-32D9-457F-BF7F-584705358BFF}.Debug|Any CPU.Build.0 = Debug|Any CPU
		{E0AB46C2-32D9-457F-BF7F-584705358BFF}.Release|Any CPU.ActiveCfg = Release|Any CPU
		{E0AB46C2-32D9-457F-BF7F-584705358BFF}.Release|Any CPU.Build.0 = Release|Any CPU
	EndGlobalSection
	GlobalSection(SolutionProperties) = preSolution
		HideSolutionNode = FALSE
	EndGlobalSection
EndGlobal
